
Microsoft Visual Studio Solution File, Format Version 12.00
# Visual Studio Version 16
VisualStudioVersion = 16.0.31605.320
MinimumVisualStudioVersion = 10.0.40219.1
Project("{FAE04EC0-301F-11D3-BF4B-00C04F79EFBC}") = "SA1 Image Builder", "Patcher\SA1 Image Builder.csproj", "{76EBC285-B213-40C0-AF35-781D63B2C657}"
EndProject
Project("{FAE04EC0-301F-11D3-BF4B-00C04F79EFBC}") = "TextureTool", "TextureTool\TextureTool.csproj", "{099E013C-0297-4823-A304-E399CE533C18}"
EndProject
Project("{9A19103F-16F7-4668-BE54-9A1E7A4F7556}") = "DiscUtils", "DiscUtils\DiscUtils.csproj", "{0E4321A7-3614-4632-88BD-9C0A2212D4B4}"
EndProject
Global
	GlobalSection(SolutionConfigurationPlatforms) = preSolution
		Debug|Any CPU = Debug|Any CPU
		Release|Any CPU = Release|Any CPU
	EndGlobalSection
	GlobalSection(ProjectConfigurationPlatforms) = postSolution
		{76EBC285-B213-40C0-AF35-781D63B2C657}.Debug|Any CPU.ActiveCfg = Debug|Any CPU
		{76EBC285-B213-40C0-AF35-781D63B2C657}.Debug|Any CPU.Build.0 = Debug|Any CPU
		{76EBC285-B213-40C0-AF35-781D63B2C657}.Release|Any CPU.ActiveCfg = Release|Any CPU
		{76EBC285-B213-40C0-AF35-781D63B2C657}.Release|Any CPU.Build.0 = Release|Any CPU
		{099E013C-0297-4823-A304-E399CE533C18}.Debug|Any CPU.ActiveCfg = Debug|Any CPU
		{099E013C-0297-4823-A304-E399CE533C18}.Debug|Any CPU.Build.0 = Debug|Any CPU
		{099E013C-0297-4823-A304-E399CE533C18}.Release|Any CPU.ActiveCfg = Release|Any CPU
		{099E013C-0297-4823-A304-E399CE533C18}.Release|Any CPU.Build.0 = Release|Any CPU
		{0E4321A7-3614-4632-88BD-9C0A2212D4B4}.Debug|Any CPU.ActiveCfg = Debug|Any CPU
		{0E4321A7-3614-4632-88BD-9C0A2212D4B4}.Debug|Any CPU.Build.0 = Debug|Any CPU
		{0E4321A7-3614-4632-88BD-9C0A2212D4B4}.Release|Any CPU.ActiveCfg = Release|Any CPU
		{0E4321A7-3614-4632-88BD-9C0A2212D4B4}.Release|Any CPU.Build.0 = Release|Any CPU
	EndGlobalSection
	GlobalSection(SolutionProperties) = preSolution
		HideSolutionNode = FALSE
	EndGlobalSection
	GlobalSection(ExtensibilityGlobals) = postSolution
		SolutionGuid = {5CC448A3-D41E-4A76-BD65-C7B23902B175}
	EndGlobalSection
EndGlobal
